
Microsoft Visual Studio Solution File, Format Version 12.00
# Visual Studio Version 16
VisualStudioVersion = 16.0.30621.155
MinimumVisualStudioVersion = 10.0.40219.1
Project("{9A19103F-16F7-4668-BE54-9A1E7A4F7556}") = "FhirPatientRegistration.Console", "FhirPatientRegistration.Console\FhirPatientRegistration.Console.csproj", "{78C0669A-BD1F-4E7B-89F4-BA84A7335CCE}"
EndProject
Project("{9A19103F-16F7-4668-BE54-9A1E7A4F7556}") = "FhirPatientRegistration.Test", "FhirPatientRegistration.Test\FhirPatientRegistration.Test.csproj", "{45BFFB7A-F79E-4E81-B71E-9CA9F4858EDA}"
EndProject
Project("{FAE04EC0-301F-11D3-BF4B-00C04F79EFBC}") = "FhirPatientRegistration.Core", "FhirPatientRegistration.Core\FhirPatientRegistration.Core.csproj", "{17D4530C-DB9C-45B4-ABD4-C682F93B49D6}"
EndProject
Global
	GlobalSection(SolutionConfigurationPlatforms) = preSolution
		Debug|Any CPU = Debug|Any CPU
		Release|Any CPU = Release|Any CPU
	EndGlobalSection
	GlobalSection(ProjectConfigurationPlatforms) = postSolution
		{78C0669A-BD1F-4E7B-89F4-BA84A7335CCE}.Debug|Any CPU.ActiveCfg = Debug|Any CPU
		{78C0669A-BD1F-4E7B-89F4-BA84A7335CCE}.Debug|Any CPU.Build.0 = Debug|Any CPU
		{78C0669A-BD1F-4E7B-89F4-BA84A7335CCE}.Release|Any CPU.ActiveCfg = Release|Any CPU
		{78C0669A-BD1F-4E7B-89F4-BA84A7335CCE}.Release|Any CPU.Build.0 = Release|Any CPU
		{45BFFB7A-F79E-4E81-B71E-9CA9F4858EDA}.Debug|Any CPU.ActiveCfg = Debug|Any CPU
		{45BFFB7A-F79E-4E81-B71E-9CA9F4858EDA}.Debug|Any CPU.Build.0 = Debug|Any CPU
		{45BFFB7A-F79E-4E81-B71E-9CA9F4858EDA}.Release|Any CPU.ActiveCfg = Release|Any CPU
		{45BFFB7A-F79E-4E81-B71E-9CA9F4858EDA}.Release|Any CPU.Build.0 = Release|Any CPU
		{17D4530C-DB9C-45B4-ABD4-C682F93B49D6}.Debug|Any CPU.ActiveCfg = Debug|Any CPU
		{17D4530C-DB9C-45B4-ABD4-C682F93B49D6}.Debug|Any CPU.Build.0 = Debug|Any CPU
		{17D4530C-DB9C-45B4-ABD4-C682F93B49D6}.Release|Any CPU.ActiveCfg = Release|Any CPU
		{17D4530C-DB9C-45B4-ABD4-C682F93B49D6}.Release|Any CPU.Build.0 = Release|Any CPU
	EndGlobalSection
	GlobalSection(SolutionProperties) = preSolution
		HideSolutionNode = FALSE
	EndGlobalSection
	GlobalSection(ExtensibilityGlobals) = postSolution
		SolutionGuid = {A810CB51-B2CF-438B-9DE1-A6AF87BB9ADA}
	EndGlobalSection
EndGlobal
